
Microsoft Visual Studio Solution File, Format Version 12.00
# Visual Studio 15
VisualStudioVersion = 15.0.28010.2048
MinimumVisualStudioVersion = 10.0.40219.1
Project("{FAE04EC0-301F-11D3-BF4B-00C04F79EFBC}") = "ImageComparer", "ImageComparer\ImageComparer.csproj", "{56C54B1F-08F7-456E-A235-65E1FCA348F0}"
EndProject
Global
	GlobalSection(SolutionConfigurationPlatforms) = preSolution
		Debug|Any CPU = Debug|Any CPU
		Release|Any CPU = Release|Any CPU
	EndGlobalSection
	GlobalSection(ProjectConfigurationPlatforms) = postSolution
		{56C54B1F-08F7-456E-A235-65E1FCA348F0}.Debug|Any CPU.ActiveCfg = Debug|Any CPU
		{56C54B1F-08F7-456E-A235-65E1FCA348F0}.Debug|Any CPU.Build.0 = Debug|Any CPU
		{56C54B1F-08F7-456E-A235-65E1FCA348F0}.Release|Any CPU.ActiveCfg = Release|Any CPU
		{56C54B1F-08F7-456E-A235-65E1FCA348F0}.Release|Any CPU.Build.0 = Release|Any CPU
	EndGlobalSection
	GlobalSection(SolutionProperties) = preSolution
		HideSolutionNode = FALSE
	EndGlobalSection
	GlobalSection(ExtensibilityGlobals) = postSolution
		SolutionGuid = {2A985418-A904-4B12-9E98-2CEB0BB421F9}
	EndGlobalSection
EndGlobal
